schema: '2.0'
stages:
  prepare:
    cmd: python src/prepare.py data/data.xml
    deps:
    - path: data/data.xml
      hash: md5
      md5: a304afb96060aad90176268345e10355
      size: 37891850
    - path: src/prepare.py
      md5: 285af85d794bb57e5d09ace7209f3519
      size: 1581
    params:
      params.yaml:
        prepare.seed: 20170428
        prepare.split: 0.12
    outs:
    - path: data/prepared
      hash: md5
      md5: e4ba8bed343f342624badd8de2727ba6.dir
      size: 23861319
      nfiles: 2
  featurize:
    cmd: python src/featurization.py data/prepared data/features
    deps:
    - path: data/prepared
      hash: md5
      md5: e4ba8bed343f342624badd8de2727ba6.dir
      size: 23861319
      nfiles: 2
    - path: src/featurization.py
      md5: 02180903aa05599ceaa6ff6ee2471d00
      size: 2480
    params:
      params.yaml:
        featurize.max_features: 500
        featurize.ngrams: 1
    outs:
    - path: data/features
      hash: md5
      md5: 03fc1a563ce8614d7ebdb52de3b7560f.dir
      size: 7083005
      nfiles: 2
  train:
    cmd: python src/train.py data/features model.pkl
    deps:
    - path: data/features
      hash: md5
      md5: 03fc1a563ce8614d7ebdb52de3b7560f.dir
      size: 7083005
      nfiles: 2
    - path: src/train.py
      md5: 3ffc5530112ca028ac61a3c8efeb0516
      size: 975
    params:
      params.yaml:
        train.min_split: 2
        train.n_est: 100
        train.seed: 20170428
    outs:
    - path: model.pkl
      hash: md5
      md5: 76bcdf28f9f33f6e9777aefe82ee3923
      size: 6021729
  evaluate:
    cmd: python src/evaluate.py model.pkl data/features scores.json prc.json roc.json
    deps:
    - path: data/features
      hash: md5
      md5: 03fc1a563ce8614d7ebdb52de3b7560f.dir
      size: 7083005
      nfiles: 2
    - path: model.pkl
      hash: md5
      md5: 76bcdf28f9f33f6e9777aefe82ee3923
      size: 6021729
    - path: src/evaluate.py
      md5: 16a56ad9df4476e6d3b76a64fe46dbcc
      size: 1483
    outs:
    - path: prc.json
      hash: md5
      md5: e86dfd3ff7187fb13adbcd3cbcbc1453
      size: 6372
    - path: roc.json
      hash: md5
      md5: 56bf2aae9247797d941d627670ff7a7b
      size: 5681
    - path: scores.json
      hash: md5
      md5: bc0bb238b9c29e43e2c1c499e92fece1
      size: 72
