schema: '2.0'
stages:
  prepare:
    cmd: python src/prepare.py data/data.xml
    deps:
    - path: data/data.xml
      hash: md5
      md5: a304afb96060aad90176268345e10355
      size: 37891850
    - path: src/prepare.py
      md5: 285af85d794bb57e5d09ace7209f3519
      size: 1581
    params:
      params.yaml:
        prepare.seed: 20170428
        prepare.split: 0.25
    outs:
    - path: data/prepared
      hash: md5
      md5: f1588b397483387838adbface43c3911.dir
      size: 23861319
      nfiles: 2
  featurize:
    cmd: python src/featurization.py data/prepared data/features
    deps:
    - path: data/prepared
      hash: md5
      md5: f1588b397483387838adbface43c3911.dir
      size: 23861319
      nfiles: 2
    - path: src/featurization.py
      md5: 02180903aa05599ceaa6ff6ee2471d00
      size: 2480
    params:
      params.yaml:
        featurize.max_features: 500
        featurize.ngrams: 1
    outs:
    - path: data/features
      hash: md5
      md5: fab66c933966931fbb7edf7852f2f912.dir
      size: 7083809
      nfiles: 2
  train:
    cmd: python src/train.py data/features model.pkl
    deps:
    - path: data/features
      hash: md5
      md5: fab66c933966931fbb7edf7852f2f912.dir
      size: 7083809
      nfiles: 2
    - path: src/train.py
      md5: 3ffc5530112ca028ac61a3c8efeb0516
      size: 975
    params:
      params.yaml:
        train.min_split: 2
        train.n_est: 100
        train.seed: 20170428
    outs:
    - path: model.pkl
      hash: md5
      md5: f60260e220c9751433f9f3dbf49cbf2b
      size: 4957560
  evaluate:
    cmd: python src/evaluate.py model.pkl data/features scores.json prc.json roc.json
    deps:
    - path: data/features
      hash: md5
      md5: fab66c933966931fbb7edf7852f2f912.dir
      size: 7083809
      nfiles: 2
    - path: model.pkl
      hash: md5
      md5: f60260e220c9751433f9f3dbf49cbf2b
      size: 4957560
    - path: src/evaluate.py
      md5: 16a56ad9df4476e6d3b76a64fe46dbcc
      size: 1483
    outs:
    - path: prc.json
      hash: md5
      md5: e3370a46019927b3316ef774e52d560b
      size: 7446
    - path: roc.json
      hash: md5
      md5: 8808c447a44f34284a20847305dcde94
      size: 7116
    - path: scores.json
      hash: md5
      md5: 5fbf68813176f4a5b3b1e662221a893b
      size: 73
