schema: '2.0'
stages:
  prepare:
    cmd: python src/prepare.py data/data.xml
    deps:
    - path: data/data.xml
      md5: 5193c4f0e82207a00e6596f679cbdb74
      size: 75783700
    - path: src/prepare.py
      md5: 285af85d794bb57e5d09ace7209f3519
      size: 1581
    params:
      params.yaml:
        prepare.seed: 20170428
        prepare.split: 0.25
    outs:
    - path: data/prepared
      md5: 5276379a1e60098832f9a58574fc4d5c.dir
      size: 47722638
      nfiles: 2
  featurize:
    cmd: python src/featurization.py data/prepared data/features
    deps:
    - path: data/prepared
      md5: 5276379a1e60098832f9a58574fc4d5c.dir
      size: 47722638
      nfiles: 2
    - path: src/featurization.py
      md5: 02180903aa05599ceaa6ff6ee2471d00
      size: 2480
    params:
      params.yaml:
        featurize.max_features: 500
        featurize.ngrams: 1
    outs:
    - path: data/features
      md5: 556f8a598b564ccbe2ce0d0ab3c5aea6.dir
      size: 14167387
      nfiles: 2
  train:
    cmd: python src/train.py data/features model.pkl
    deps:
    - path: data/features
      md5: 556f8a598b564ccbe2ce0d0ab3c5aea6.dir
      size: 14167387
      nfiles: 2
    - path: src/train.py
      md5: 3ffc5530112ca028ac61a3c8efeb0516
      size: 975
    params:
      params.yaml:
        train.min_split: 2
        train.n_est: 100
        train.seed: 20170428
    outs:
    - path: model.pkl
      md5: 7bab07f92f63110ac655967cc5b7b21d
      size: 7594568
  evaluate:
    cmd: python src/evaluate.py model.pkl data/features scores.json prc.json roc.json
    deps:
    - path: data/features
      md5: 556f8a598b564ccbe2ce0d0ab3c5aea6.dir
      size: 14167387
      nfiles: 2
    - path: model.pkl
      md5: 7bab07f92f63110ac655967cc5b7b21d
      size: 7594568
    - path: src/evaluate.py
      md5: 16a56ad9df4476e6d3b76a64fe46dbcc
      size: 1483
    outs:
    - path: prc.json
      md5: b0dfa963282083a5a01b1842190eed92
      size: 10197
    - path: roc.json
      md5: f06f851aab6c8fea4dfe19ea42c8cd16
      size: 8676
    - path: scores.json
      md5: 65fb533b646dc3affa3c282b7d11e4dc
      size: 73
